
Microsoft Visual Studio Solution File, Format Version 12.00
# Visual Studio 15
VisualStudioVersion = 15.0.28307.1062
MinimumVisualStudioVersion = 10.0.40219.1
Project("{FAE04EC0-301F-11D3-BF4B-00C04F79EFBC}") = "Item", "Item\Item.csproj", "{FC43373C-197D-4AF1-BA3E-0660F34F6B76}"
EndProject
Global
	GlobalSection(SolutionConfigurationPlatforms) = preSolution
		Debug|Any CPU = Debug|Any CPU
		Release|Any CPU = Release|Any CPU
	EndGlobalSection
	GlobalSection(ProjectConfigurationPlatforms) = postSolution
		{FC43373C-197D-4AF1-BA3E-0660F34F6B76}.Debug|Any CPU.ActiveCfg = Debug|Any CPU
		{FC43373C-197D-4AF1-BA3E-0660F34F6B76}.Debug|Any CPU.Build.0 = Debug|Any CPU
		{FC43373C-197D-4AF1-BA3E-0660F34F6B76}.Release|Any CPU.ActiveCfg = Release|Any CPU
		{FC43373C-197D-4AF1-BA3E-0660F34F6B76}.Release|Any CPU.Build.0 = Release|Any CPU
	EndGlobalSection
	GlobalSection(SolutionProperties) = preSolution
		HideSolutionNode = FALSE
	EndGlobalSection
	GlobalSection(ExtensibilityGlobals) = postSolution
		SolutionGuid = {EC50C586-ECB3-4E12-933D-9B86A29DA520}
	EndGlobalSection
EndGlobal
